
Microsoft Visual Studio Solution File, Format Version 12.00
# Visual Studio Version 17
VisualStudioVersion = 17.6.33723.286
MinimumVisualStudioVersion = 10.0.40219.1
Project("{9A19103F-16F7-4668-BE54-9A1E7A4F7556}") = "mochi", "mochi\mochi.csproj", "{1E95117D-A981-4A3B-A242-4AB0769CF422}"
EndProject
Project("{2150E333-8FDC-42A3-9474-1A3956D46DE8}") = "Solution Items", "Solution Items", "{4843BF9E-9BFA-4EBD-B17D-32C6FD7B8568}"
	ProjectSection(SolutionItems) = preProject
		bugs.txt = bugs.txt
	EndProjectSection
EndProject
Project("{FAE04EC0-301F-11D3-BF4B-00C04F79EFBC}") = "UnitTests", "UnitTests\UnitTests.csproj", "{F8C62F0E-5017-4B1A-93A2-ECE95B9D9256}"
EndProject
Global
	GlobalSection(SolutionConfigurationPlatforms) = preSolution
		Debug|Any CPU = Debug|Any CPU
		Release|Any CPU = Release|Any CPU
	EndGlobalSection
	GlobalSection(ProjectConfigurationPlatforms) = postSolution
		{1E95117D-A981-4A3B-A242-4AB0769CF422}.Debug|Any CPU.ActiveCfg = Debug|Any CPU
		{1E95117D-A981-4A3B-A242-4AB0769CF422}.Debug|Any CPU.Build.0 = Debug|Any CPU
		{1E95117D-A981-4A3B-A242-4AB0769CF422}.Release|Any CPU.ActiveCfg = Release|Any CPU
		{1E95117D-A981-4A3B-A242-4AB0769CF422}.Release|Any CPU.Build.0 = Release|Any CPU
		{F8C62F0E-5017-4B1A-93A2-ECE95B9D9256}.Debug|Any CPU.ActiveCfg = Debug|Any CPU
		{F8C62F0E-5017-4B1A-93A2-ECE95B9D9256}.Debug|Any CPU.Build.0 = Debug|Any CPU
		{F8C62F0E-5017-4B1A-93A2-ECE95B9D9256}.Release|Any CPU.ActiveCfg = Release|Any CPU
		{F8C62F0E-5017-4B1A-93A2-ECE95B9D9256}.Release|Any CPU.Build.0 = Release|Any CPU
	EndGlobalSection
	GlobalSection(SolutionProperties) = preSolution
		HideSolutionNode = FALSE
	EndGlobalSection
	GlobalSection(ExtensibilityGlobals) = postSolution
		SolutionGuid = {58DD7F01-9951-47B0-A4D4-152DF17733F3}
	EndGlobalSection
EndGlobal
